
Microsoft Visual Studio Solution File, Format Version 12.00
# Visual Studio 14
VisualStudioVersion = 14.0.25123.0
MinimumVisualStudioVersion = 10.0.40219.1
Project("{FAE04EC0-301F-11D3-BF4B-00C04F79EFBC}") = "AutomatedTellerMachine", "AutomatedTellerMachine\AutomatedTellerMachine.csproj", "{BFB7E1F7-F0B3-4E6A-8A5C-B607B643E7C0}"
EndProject
Project("{FAE04EC0-301F-11D3-BF4B-00C04F79EFBC}") = "AutomatedTellerMachine.Tests", "AutomatedTellerMachine.Tests\AutomatedTellerMachine.Tests.csproj", "{D0863A43-5A31-457C-83A2-1127BC385F06}"
EndProject
Global
	GlobalSection(SolutionConfigurationPlatforms) = preSolution
		Debug|Any CPU = Debug|Any CPU
		Release|Any CPU = Release|Any CPU
	EndGlobalSection
	GlobalSection(ProjectConfigurationPlatforms) = postSolution
		{BFB7E1F7-F0B3-4E6A-8A5C-B607B643E7C0}.Debug|Any CPU.ActiveCfg = Debug|Any CPU
		{BFB7E1F7-F0B3-4E6A-8A5C-B607B643E7C0}.Debug|Any CPU.Build.0 = Debug|Any CPU
		{BFB7E1F7-F0B3-4E6A-8A5C-B607B643E7C0}.Release|Any CPU.ActiveCfg = Release|Any CPU
		{BFB7E1F7-F0B3-4E6A-8A5C-B607B643E7C0}.Release|Any CPU.Build.0 = Release|Any CPU
		{D0863A43-5A31-457C-83A2-1127BC385F06}.Debug|Any CPU.ActiveCfg = Debug|Any CPU
		{D0863A43-5A31-457C-83A2-1127BC385F06}.Debug|Any CPU.Build.0 = Debug|Any CPU
		{D0863A43-5A31-457C-83A2-1127BC385F06}.Release|Any CPU.ActiveCfg = Release|Any CPU
		{D0863A43-5A31-457C-83A2-1127BC385F06}.Release|Any CPU.Build.0 = Release|Any CPU
	EndGlobalSection
	GlobalSection(SolutionProperties) = preSolution
		HideSolutionNode = FALSE
	EndGlobalSection
EndGlobal
